
Microsoft Visual Studio Solution File, Format Version 12.00
# Visual Studio Version 16
VisualStudioVersion = 25.0.1705.1
MinimumVisualStudioVersion = 10.0.40219.1
Project("{FAE04EC0-301F-11D3-BF4B-00C04F79EFBC}") = "Mir3.iOS", "Mir3.iOS.csproj", "{2EAEF47E-D6DA-4D95-AF05-901884B72925}"
EndProject
Global
	GlobalSection(SolutionConfigurationPlatforms) = preSolution
		Debug|Any CPU = Debug|Any CPU
		Release|Any CPU = Release|Any CPU
	EndGlobalSection
	GlobalSection(ProjectConfigurationPlatforms) = postSolution
		{2EAEF47E-D6DA-4D95-AF05-901884B72925}.Debug|Any CPU.ActiveCfg = Debug|Any CPU
		{2EAEF47E-D6DA-4D95-AF05-901884B72925}.Debug|Any CPU.Build.0 = Debug|Any CPU
		{2EAEF47E-D6DA-4D95-AF05-901884B72925}.Release|Any CPU.ActiveCfg = Release|Any CPU
		{2EAEF47E-D6DA-4D95-AF05-901884B72925}.Release|Any CPU.Build.0 = Release|Any CPU
	EndGlobalSection
	GlobalSection(SolutionProperties) = preSolution
		HideSolutionNode = FALSE
	EndGlobalSection
	GlobalSection(ExtensibilityGlobals) = postSolution
		SolutionGuid = {2F0C3BB6-4A2D-4AFF-A494-7AD0175DA911}
	EndGlobalSection
EndGlobal
