Microsoft Visual Studio Solution File, Format Version 12.00
# Visual Studio Version 17
VisualStudioVersion = 17.4.33103.184
MinimumVisualStudioVersion = 10.0.40219.1
Project("{2150E333-8FDC-42A3-9474-1A3956D46DE8}") = "Clients", "Clients", "{E8BAA536-9166-43C0-BD17-59585DD1818E}"
EndProject
Project("{2150E333-8FDC-42A3-9474-1A3956D46DE8}") = "Servers", "Servers", "{BECB7554-8572-405B-86A6-6545DFB54D36}"
EndProject
Project("{9A19103F-16F7-4668-BE54-9A1E7A4F7556}") = "ServerLibrary", "ServerLibrary\ServerLibrary.csproj", "{B2D81868-678F-4933-B308-091EDFC91217}"
EndProject
Project("{FAE04EC0-301F-11D3-BF4B-00C04F79EFBC}") = "ServerTool", "ServerTool\ServerTool.csproj", "{522B034E-F593-4C68-9F09-E9868DD5E265}"
EndProject
Project("{D954291E-2A0B-460D-934E-DC6B0785DB48}") = "Library", "Library\Library.shproj", "{5461EC8E-6976-45EE-A53B-EC5511A5AD5C}"
EndProject
Project("{2150E333-8FDC-42A3-9474-1A3956D46DE8}") = "Tools", "Tools", "{AF2E9838-397E-46D3-8E30-31298A7ABE14}"
EndProject
Project("{9A19103F-16F7-4668-BE54-9A1E7A4F7556}") = "Server.Web", "Server.Web\Server.Web.csproj", "{D4F2BA08-1384-4999-A8C3-0BB4D4EAA231}"
EndProject
Project("{9A19103F-16F7-4668-BE54-9A1E7A4F7556}") = "Mir3.Droid", "Mir3.Droid\Mir3.Droid.csproj", "{886676E6-B298-4924-AB01-88E389F92F03}"
EndProject
Project("{FAE04EC0-301F-11D3-BF4B-00C04F79EFBC}") = "145Client", "145Client\145Client.csproj", "{19BED4ED-715D-454C-B6B4-81F7332275C6}"
EndProject
Project("{FAE04EC0-301F-11D3-BF4B-00C04F79EFBC}") = "Server", "Server\Server.csproj", "{96AB70CE-1B6A-4511-BDD3-3AADD4DAD15A}"
EndProject
Project("{FAE04EC0-301F-11D3-BF4B-00C04F79EFBC}") = "LibraryEditor", "LibraryEditor\LibraryEditor.csproj", "{A779B96A-AE74-47E7-B0CA-A02B26C1F61E}"
EndProject
Project("{FAE04EC0-301F-11D3-BF4B-00C04F79EFBC}") = "CustomFormControl", "LibraryEditor\CustomFormControl\CustomFormControl.csproj", "{22D64468-4312-4558-B25D-99BFF85CAA96}"
EndProject
Project("{2150E333-8FDC-42A3-9474-1A3956D46DE8}") = "Solution Items", "Solution Items", "{CB1D9606-0024-42E4-B15A-2F613B876437}"
	ProjectSection(SolutionItems) = preProject
		global.json = global.json
	EndProjectSection
EndProject
Project("{D954291E-2A0B-460D-934E-DC6B0785DB48}") = "Mir3.Mobile", "Mir3.Mobile\Mir3.Mobile.shproj", "{D34BABFA-D68F-4319-BAC7-00D2944720D0}"
EndProject
Project("{FAE04EC0-301F-11D3-BF4B-00C04F79EFBC}") = "PatchManager", "PatchManager\PatchManager.csproj", "{08448D7C-1B78-4C7B-819C-FC852C7C6D14}"
EndProject
Project("{FAE04EC0-301F-11D3-BF4B-00C04F79EFBC}") = "LauncherWpf", "LauncherWpf\LauncherWpf.csproj", "{1A57BF93-6A97-4490-848F-1DCDC5A848A9}"
EndProject
Project("{FAE04EC0-301F-11D3-BF4B-00C04F79EFBC}") = "LauncherSet", "LauncherSet\LauncherSet.csproj", "{D6F931B7-3DB9-4AAD-87C9-4376BB148BC7}"
EndProject
Project("{9A19103F-16F7-4668-BE54-9A1E7A4F7556}") = "Mir3.iOS", "Mir3.iOS\Mir3.iOS.csproj", "{4224DC1B-E35A-4B38-A698-A4932D7E1938}"
EndProject
Global
	GlobalSection(SolutionConfigurationPlatforms) = preSolution
		Debug|Any CPU = Debug|Any CPU
		Debug|x64 = Debug|x64
		Debug|x86 = Debug|x86
		Release|Any CPU = Release|Any CPU
		Release|x64 = Release|x64
		Release|x86 = Release|x86
	EndGlobalSection
	GlobalSection(ProjectConfigurationPlatforms) = postSolution
		{B2D81868-678F-4933-B308-091EDFC91217}.Debug|Any CPU.ActiveCfg = Debug|Any CPU
		{B2D81868-678F-4933-B308-091EDFC91217}.Debug|Any CPU.Build.0 = Debug|Any CPU
		{B2D81868-678F-4933-B308-091EDFC91217}.Debug|x64.ActiveCfg = Debug|Any CPU
		{B2D81868-678F-4933-B308-091EDFC91217}.Debug|x64.Build.0 = Debug|Any CPU
		{B2D81868-678F-4933-B308-091EDFC91217}.Debug|x86.ActiveCfg = Debug|Any CPU
		{B2D81868-678F-4933-B308-091EDFC91217}.Debug|x86.Build.0 = Debug|Any CPU
		{B2D81868-678F-4933-B308-091EDFC91217}.Release|Any CPU.ActiveCfg = Release|Any CPU
		{B2D81868-678F-4933-B308-091EDFC91217}.Release|Any CPU.Build.0 = Release|Any CPU
		{B2D81868-678F-4933-B308-091EDFC91217}.Release|x64.ActiveCfg = Release|Any CPU
		{B2D81868-678F-4933-B308-091EDFC91217}.Release|x64.Build.0 = Release|Any CPU
		{B2D81868-678F-4933-B308-091EDFC91217}.Release|x86.ActiveCfg = Release|Any CPU
		{B2D81868-678F-4933-B308-091EDFC91217}.Release|x86.Build.0 = Release|Any CPU
		{522B034E-F593-4C68-9F09-E9868DD5E265}.Debug|Any CPU.ActiveCfg = Debug|Any CPU
		{522B034E-F593-4C68-9F09-E9868DD5E265}.Debug|Any CPU.Build.0 = Debug|Any CPU
		{522B034E-F593-4C68-9F09-E9868DD5E265}.Debug|x64.ActiveCfg = Debug|Any CPU
		{522B034E-F593-4C68-9F09-E9868DD5E265}.Debug|x64.Build.0 = Debug|Any CPU
		{522B034E-F593-4C68-9F09-E9868DD5E265}.Debug|x86.ActiveCfg = Debug|Any CPU
		{522B034E-F593-4C68-9F09-E9868DD5E265}.Debug|x86.Build.0 = Debug|Any CPU
		{522B034E-F593-4C68-9F09-E9868DD5E265}.Release|Any CPU.ActiveCfg = Release|Any CPU
		{522B034E-F593-4C68-9F09-E9868DD5E265}.Release|Any CPU.Build.0 = Release|Any CPU
		{522B034E-F593-4C68-9F09-E9868DD5E265}.Release|x64.ActiveCfg = Release|Any CPU
		{522B034E-F593-4C68-9F09-E9868DD5E265}.Release|x64.Build.0 = Release|Any CPU
		{522B034E-F593-4C68-9F09-E9868DD5E265}.Release|x86.ActiveCfg = Release|Any CPU
		{522B034E-F593-4C68-9F09-E9868DD5E265}.Release|x86.Build.0 = Release|Any CPU
		{D4F2BA08-1384-4999-A8C3-0BB4D4EAA231}.Debug|Any CPU.ActiveCfg = Debug|Any CPU
		{D4F2BA08-1384-4999-A8C3-0BB4D4EAA231}.Debug|Any CPU.Build.0 = Debug|Any CPU
		{D4F2BA08-1384-4999-A8C3-0BB4D4EAA231}.Debug|x64.ActiveCfg = Debug|Any CPU
		{D4F2BA08-1384-4999-A8C3-0BB4D4EAA231}.Debug|x64.Build.0 = Debug|Any CPU
		{D4F2BA08-1384-4999-A8C3-0BB4D4EAA231}.Debug|x86.ActiveCfg = Debug|Any CPU
		{D4F2BA08-1384-4999-A8C3-0BB4D4EAA231}.Debug|x86.Build.0 = Debug|Any CPU
		{D4F2BA08-1384-4999-A8C3-0BB4D4EAA231}.Release|Any CPU.ActiveCfg = Release|Any CPU
		{D4F2BA08-1384-4999-A8C3-0BB4D4EAA231}.Release|Any CPU.Build.0 = Release|Any CPU
		{D4F2BA08-1384-4999-A8C3-0BB4D4EAA231}.Release|x64.ActiveCfg = Release|Any CPU
		{D4F2BA08-1384-4999-A8C3-0BB4D4EAA231}.Release|x64.Build.0 = Release|Any CPU
		{D4F2BA08-1384-4999-A8C3-0BB4D4EAA231}.Release|x86.ActiveCfg = Release|Any CPU
		{D4F2BA08-1384-4999-A8C3-0BB4D4EAA231}.Release|x86.Build.0 = Release|Any CPU
		{886676E6-B298-4924-AB01-88E389F92F03}.Debug|Any CPU.ActiveCfg = Debug|Any CPU
		{886676E6-B298-4924-AB01-88E389F92F03}.Debug|Any CPU.Build.0 = Debug|Any CPU
		{886676E6-B298-4924-AB01-88E389F92F03}.Debug|Any CPU.Deploy.0 = Debug|Any CPU
		{886676E6-B298-4924-AB01-88E389F92F03}.Debug|x64.ActiveCfg = Debug|Any CPU
		{886676E6-B298-4924-AB01-88E389F92F03}.Debug|x64.Build.0 = Debug|Any CPU
		{886676E6-B298-4924-AB01-88E389F92F03}.Debug|x64.Deploy.0 = Debug|Any CPU
		{886676E6-B298-4924-AB01-88E389F92F03}.Debug|x86.ActiveCfg = Debug|Any CPU
		{886676E6-B298-4924-AB01-88E389F92F03}.Debug|x86.Build.0 = Debug|Any CPU
		{886676E6-B298-4924-AB01-88E389F92F03}.Debug|x86.Deploy.0 = Debug|Any CPU
		{886676E6-B298-4924-AB01-88E389F92F03}.Release|Any CPU.ActiveCfg = Release|Any CPU
		{886676E6-B298-4924-AB01-88E389F92F03}.Release|Any CPU.Build.0 = Release|Any CPU
		{886676E6-B298-4924-AB01-88E389F92F03}.Release|Any CPU.Deploy.0 = Release|Any CPU
		{886676E6-B298-4924-AB01-88E389F92F03}.Release|x64.ActiveCfg = Release|Any CPU
		{886676E6-B298-4924-AB01-88E389F92F03}.Release|x64.Build.0 = Release|Any CPU
		{886676E6-B298-4924-AB01-88E389F92F03}.Release|x64.Deploy.0 = Release|Any CPU
		{886676E6-B298-4924-AB01-88E389F92F03}.Release|x86.ActiveCfg = Release|Any CPU
		{886676E6-B298-4924-AB01-88E389F92F03}.Release|x86.Build.0 = Release|Any CPU
		{886676E6-B298-4924-AB01-88E389F92F03}.Release|x86.Deploy.0 = Release|Any CPU
		{19BED4ED-715D-454C-B6B4-81F7332275C6}.Debug|Any CPU.ActiveCfg = Debug|Any CPU
		{19BED4ED-715D-454C-B6B4-81F7332275C6}.Debug|Any CPU.Build.0 = Debug|Any CPU
		{19BED4ED-715D-454C-B6B4-81F7332275C6}.Debug|x64.ActiveCfg = Debug|Any CPU
		{19BED4ED-715D-454C-B6B4-81F7332275C6}.Debug|x64.Build.0 = Debug|Any CPU
		{19BED4ED-715D-454C-B6B4-81F7332275C6}.Debug|x86.ActiveCfg = Debug|Any CPU
		{19BED4ED-715D-454C-B6B4-81F7332275C6}.Debug|x86.Build.0 = Debug|Any CPU
		{19BED4ED-715D-454C-B6B4-81F7332275C6}.Release|Any CPU.ActiveCfg = Release|Any CPU
		{19BED4ED-715D-454C-B6B4-81F7332275C6}.Release|Any CPU.Build.0 = Release|Any CPU
		{19BED4ED-715D-454C-B6B4-81F7332275C6}.Release|x64.ActiveCfg = Release|Any CPU
		{19BED4ED-715D-454C-B6B4-81F7332275C6}.Release|x64.Build.0 = Release|Any CPU
		{19BED4ED-715D-454C-B6B4-81F7332275C6}.Release|x86.ActiveCfg = Release|Any CPU
		{19BED4ED-715D-454C-B6B4-81F7332275C6}.Release|x86.Build.0 = Release|Any CPU
		{96AB70CE-1B6A-4511-BDD3-3AADD4DAD15A}.Debug|Any CPU.ActiveCfg = Debug|Any CPU
		{96AB70CE-1B6A-4511-BDD3-3AADD4DAD15A}.Debug|Any CPU.Build.0 = Debug|Any CPU
		{96AB70CE-1B6A-4511-BDD3-3AADD4DAD15A}.Debug|x64.ActiveCfg = Debug|Any CPU
		{96AB70CE-1B6A-4511-BDD3-3AADD4DAD15A}.Debug|x64.Build.0 = Debug|Any CPU
		{96AB70CE-1B6A-4511-BDD3-3AADD4DAD15A}.Debug|x86.ActiveCfg = Debug|Any CPU
		{96AB70CE-1B6A-4511-BDD3-3AADD4DAD15A}.Debug|x86.Build.0 = Debug|Any CPU
		{96AB70CE-1B6A-4511-BDD3-3AADD4DAD15A}.Release|Any CPU.ActiveCfg = Release|Any CPU
		{96AB70CE-1B6A-4511-BDD3-3AADD4DAD15A}.Release|Any CPU.Build.0 = Release|Any CPU
		{96AB70CE-1B6A-4511-BDD3-3AADD4DAD15A}.Release|x64.ActiveCfg = Release|Any CPU
		{96AB70CE-1B6A-4511-BDD3-3AADD4DAD15A}.Release|x64.Build.0 = Release|Any CPU
		{96AB70CE-1B6A-4511-BDD3-3AADD4DAD15A}.Release|x86.ActiveCfg = Release|Any CPU
		{96AB70CE-1B6A-4511-BDD3-3AADD4DAD15A}.Release|x86.Build.0 = Release|Any CPU
		{A779B96A-AE74-47E7-B0CA-A02B26C1F61E}.Debug|Any CPU.ActiveCfg = Debug|x64
		{A779B96A-AE74-47E7-B0CA-A02B26C1F61E}.Debug|Any CPU.Build.0 = Debug|x64
		{A779B96A-AE74-47E7-B0CA-A02B26C1F61E}.Debug|x64.ActiveCfg = Debug|x64
		{A779B96A-AE74-47E7-B0CA-A02B26C1F61E}.Debug|x64.Build.0 = Debug|x64
		{A779B96A-AE74-47E7-B0CA-A02B26C1F61E}.Debug|x86.ActiveCfg = Debug|x86
		{A779B96A-AE74-47E7-B0CA-A02B26C1F61E}.Debug|x86.Build.0 = Debug|x86
		{A779B96A-AE74-47E7-B0CA-A02B26C1F61E}.Release|Any CPU.ActiveCfg = Release|x64
		{A779B96A-AE74-47E7-B0CA-A02B26C1F61E}.Release|Any CPU.Build.0 = Release|x64
		{A779B96A-AE74-47E7-B0CA-A02B26C1F61E}.Release|x64.ActiveCfg = Release|x64
		{A779B96A-AE74-47E7-B0CA-A02B26C1F61E}.Release|x64.Build.0 = Release|x64
		{A779B96A-AE74-47E7-B0CA-A02B26C1F61E}.Release|x86.ActiveCfg = Release|x86
		{A779B96A-AE74-47E7-B0CA-A02B26C1F61E}.Release|x86.Build.0 = Release|x86
		{22D64468-4312-4558-B25D-99BFF85CAA96}.Debug|Any CPU.ActiveCfg = Debug|Any CPU
		{22D64468-4312-4558-B25D-99BFF85CAA96}.Debug|Any CPU.Build.0 = Debug|Any CPU
		{22D64468-4312-4558-B25D-99BFF85CAA96}.Debug|x64.ActiveCfg = Debug|Any CPU
		{22D64468-4312-4558-B25D-99BFF85CAA96}.Debug|x64.Build.0 = Debug|Any CPU
		{22D64468-4312-4558-B25D-99BFF85CAA96}.Debug|x86.ActiveCfg = Debug|Any CPU
		{22D64468-4312-4558-B25D-99BFF85CAA96}.Debug|x86.Build.0 = Debug|Any CPU
		{22D64468-4312-4558-B25D-99BFF85CAA96}.Release|Any CPU.ActiveCfg = Release|Any CPU
		{22D64468-4312-4558-B25D-99BFF85CAA96}.Release|Any CPU.Build.0 = Release|Any CPU
		{22D64468-4312-4558-B25D-99BFF85CAA96}.Release|x64.ActiveCfg = Release|Any CPU
		{22D64468-4312-4558-B25D-99BFF85CAA96}.Release|x64.Build.0 = Release|Any CPU
		{22D64468-4312-4558-B25D-99BFF85CAA96}.Release|x86.ActiveCfg = Release|Any CPU
		{22D64468-4312-4558-B25D-99BFF85CAA96}.Release|x86.Build.0 = Release|Any CPU
		{08448D7C-1B78-4C7B-819C-FC852C7C6D14}.Debug|Any CPU.ActiveCfg = Debug|Any CPU
		{08448D7C-1B78-4C7B-819C-FC852C7C6D14}.Debug|Any CPU.Build.0 = Debug|Any CPU
		{08448D7C-1B78-4C7B-819C-FC852C7C6D14}.Debug|x64.ActiveCfg = Debug|Any CPU
		{08448D7C-1B78-4C7B-819C-FC852C7C6D14}.Debug|x64.Build.0 = Debug|Any CPU
		{08448D7C-1B78-4C7B-819C-FC852C7C6D14}.Debug|x86.ActiveCfg = Debug|Any CPU
		{08448D7C-1B78-4C7B-819C-FC852C7C6D14}.Debug|x86.Build.0 = Debug|Any CPU
		{08448D7C-1B78-4C7B-819C-FC852C7C6D14}.Release|Any CPU.ActiveCfg = Release|Any CPU
		{08448D7C-1B78-4C7B-819C-FC852C7C6D14}.Release|Any CPU.Build.0 = Release|Any CPU
		{08448D7C-1B78-4C7B-819C-FC852C7C6D14}.Release|x64.ActiveCfg = Release|Any CPU
		{08448D7C-1B78-4C7B-819C-FC852C7C6D14}.Release|x64.Build.0 = Release|Any CPU
		{08448D7C-1B78-4C7B-819C-FC852C7C6D14}.Release|x86.ActiveCfg = Release|Any CPU
		{08448D7C-1B78-4C7B-819C-FC852C7C6D14}.Release|x86.Build.0 = Release|Any CPU
		{1A57BF93-6A97-4490-848F-1DCDC5A848A9}.Debug|Any CPU.ActiveCfg = Debug|Any CPU
		{1A57BF93-6A97-4490-848F-1DCDC5A848A9}.Debug|Any CPU.Build.0 = Debug|Any CPU
		{1A57BF93-6A97-4490-848F-1DCDC5A848A9}.Debug|x64.ActiveCfg = Debug|Any CPU
		{1A57BF93-6A97-4490-848F-1DCDC5A848A9}.Debug|x64.Build.0 = Debug|Any CPU
		{1A57BF93-6A97-4490-848F-1DCDC5A848A9}.Debug|x86.ActiveCfg = Debug|Any CPU
		{1A57BF93-6A97-4490-848F-1DCDC5A848A9}.Debug|x86.Build.0 = Debug|Any CPU
		{1A57BF93-6A97-4490-848F-1DCDC5A848A9}.Release|Any CPU.ActiveCfg = Release|Any CPU
		{1A57BF93-6A97-4490-848F-1DCDC5A848A9}.Release|Any CPU.Build.0 = Release|Any CPU
		{1A57BF93-6A97-4490-848F-1DCDC5A848A9}.Release|x64.ActiveCfg = Release|Any CPU
		{1A57BF93-6A97-4490-848F-1DCDC5A848A9}.Release|x64.Build.0 = Release|Any CPU
		{1A57BF93-6A97-4490-848F-1DCDC5A848A9}.Release|x86.ActiveCfg = Release|Any CPU
		{1A57BF93-6A97-4490-848F-1DCDC5A848A9}.Release|x86.Build.0 = Release|Any CPU
		{D6F931B7-3DB9-4AAD-87C9-4376BB148BC7}.Debug|Any CPU.ActiveCfg = Debug|Any CPU
		{D6F931B7-3DB9-4AAD-87C9-4376BB148BC7}.Debug|Any CPU.Build.0 = Debug|Any CPU
		{D6F931B7-3DB9-4AAD-87C9-4376BB148BC7}.Debug|x64.ActiveCfg = Debug|Any CPU
		{D6F931B7-3DB9-4AAD-87C9-4376BB148BC7}.Debug|x64.Build.0 = Debug|Any CPU
		{D6F931B7-3DB9-4AAD-87C9-4376BB148BC7}.Debug|x86.ActiveCfg = Debug|Any CPU
		{D6F931B7-3DB9-4AAD-87C9-4376BB148BC7}.Debug|x86.Build.0 = Debug|Any CPU
		{D6F931B7-3DB9-4AAD-87C9-4376BB148BC7}.Release|Any CPU.ActiveCfg = Release|Any CPU
		{D6F931B7-3DB9-4AAD-87C9-4376BB148BC7}.Release|Any CPU.Build.0 = Release|Any CPU
		{D6F931B7-3DB9-4AAD-87C9-4376BB148BC7}.Release|x64.ActiveCfg = Release|Any CPU
		{D6F931B7-3DB9-4AAD-87C9-4376BB148BC7}.Release|x64.Build.0 = Release|Any CPU
		{D6F931B7-3DB9-4AAD-87C9-4376BB148BC7}.Release|x86.ActiveCfg = Release|Any CPU
		{D6F931B7-3DB9-4AAD-87C9-4376BB148BC7}.Release|x86.Build.0 = Release|Any CPU
		{4224DC1B-E35A-4B38-A698-A4932D7E1938}.Debug|Any CPU.ActiveCfg = Debug|Any CPU
		{4224DC1B-E35A-4B38-A698-A4932D7E1938}.Debug|Any CPU.Build.0 = Debug|Any CPU
		{4224DC1B-E35A-4B38-A698-A4932D7E1938}.Debug|Any CPU.Deploy.0 = Debug|Any CPU
		{4224DC1B-E35A-4B38-A698-A4932D7E1938}.Debug|x64.ActiveCfg = Debug|Any CPU
		{4224DC1B-E35A-4B38-A698-A4932D7E1938}.Debug|x64.Build.0 = Debug|Any CPU
		{4224DC1B-E35A-4B38-A698-A4932D7E1938}.Debug|x64.Deploy.0 = Debug|Any CPU
		{4224DC1B-E35A-4B38-A698-A4932D7E1938}.Debug|x86.ActiveCfg = Debug|Any CPU
		{4224DC1B-E35A-4B38-A698-A4932D7E1938}.Debug|x86.Build.0 = Debug|Any CPU
		{4224DC1B-E35A-4B38-A698-A4932D7E1938}.Debug|x86.Deploy.0 = Debug|Any CPU
		{4224DC1B-E35A-4B38-A698-A4932D7E1938}.Release|Any CPU.ActiveCfg = Release|Any CPU
		{4224DC1B-E35A-4B38-A698-A4932D7E1938}.Release|Any CPU.Build.0 = Release|Any CPU
		{4224DC1B-E35A-4B38-A698-A4932D7E1938}.Release|Any CPU.Deploy.0 = Release|Any CPU
		{4224DC1B-E35A-4B38-A698-A4932D7E1938}.Release|x64.ActiveCfg = Release|Any CPU
		{4224DC1B-E35A-4B38-A698-A4932D7E1938}.Release|x64.Build.0 = Release|Any CPU
		{4224DC1B-E35A-4B38-A698-A4932D7E1938}.Release|x64.Deploy.0 = Release|Any CPU
		{4224DC1B-E35A-4B38-A698-A4932D7E1938}.Release|x86.ActiveCfg = Release|Any CPU
		{4224DC1B-E35A-4B38-A698-A4932D7E1938}.Release|x86.Build.0 = Release|Any CPU
		{4224DC1B-E35A-4B38-A698-A4932D7E1938}.Release|x86.Deploy.0 = Release|Any CPU
	EndGlobalSection
	GlobalSection(SolutionProperties) = preSolution
		HideSolutionNode = FALSE
	EndGlobalSection
	GlobalSection(NestedProjects) = preSolution
		{522B034E-F593-4C68-9F09-E9868DD5E265} = {BECB7554-8572-405B-86A6-6545DFB54D36}
		{D4F2BA08-1384-4999-A8C3-0BB4D4EAA231} = {BECB7554-8572-405B-86A6-6545DFB54D36}
		{886676E6-B298-4924-AB01-88E389F92F03} = {E8BAA536-9166-43C0-BD17-59585DD1818E}
		{19BED4ED-715D-454C-B6B4-81F7332275C6} = {E8BAA536-9166-43C0-BD17-59585DD1818E}
		{96AB70CE-1B6A-4511-BDD3-3AADD4DAD15A} = {BECB7554-8572-405B-86A6-6545DFB54D36}
		{A779B96A-AE74-47E7-B0CA-A02B26C1F61E} = {AF2E9838-397E-46D3-8E30-31298A7ABE14}
		{22D64468-4312-4558-B25D-99BFF85CAA96} = {AF2E9838-397E-46D3-8E30-31298A7ABE14}
		{D34BABFA-D68F-4319-BAC7-00D2944720D0} = {E8BAA536-9166-43C0-BD17-59585DD1818E}
		{08448D7C-1B78-4C7B-819C-FC852C7C6D14} = {AF2E9838-397E-46D3-8E30-31298A7ABE14}
		{1A57BF93-6A97-4490-848F-1DCDC5A848A9} = {AF2E9838-397E-46D3-8E30-31298A7ABE14}
		{D6F931B7-3DB9-4AAD-87C9-4376BB148BC7} = {AF2E9838-397E-46D3-8E30-31298A7ABE14}
		{4224DC1B-E35A-4B38-A698-A4932D7E1938} = {E8BAA536-9166-43C0-BD17-59585DD1818E}
	EndGlobalSection
	GlobalSection(ExtensibilityGlobals) = postSolution
		SolutionGuid = {0A1E6870-A7CB-4165-960E-81486A3F1A0D}
	EndGlobalSection
	GlobalSection(SharedMSBuildProjectFiles) = preSolution
		Library\Library.projitems*{08448d7c-1b78-4c7b-819c-fc852c7c6d14}*SharedItemsImports = 4
		Library\Library.projitems*{19bed4ed-715d-454c-b6b4-81f7332275c6}*SharedItemsImports = 4
		Library\Library.projitems*{4224dc1b-e35a-4b38-a698-a4932d7e1938}*SharedItemsImports = 5
		Mir3.Mobile\Mir3.Mobile.projitems*{4224dc1b-e35a-4b38-a698-a4932d7e1938}*SharedItemsImports = 5
		Library\Library.projitems*{522b034e-f593-4c68-9f09-e9868dd5e265}*SharedItemsImports = 4
		Library\Library.projitems*{5461ec8e-6976-45ee-a53b-ec5511a5ad5c}*SharedItemsImports = 13
		Library\Library.projitems*{886676e6-b298-4924-ab01-88e389f92f03}*SharedItemsImports = 5
		Mir3.Mobile\Mir3.Mobile.projitems*{886676e6-b298-4924-ab01-88e389f92f03}*SharedItemsImports = 5
		Library\Library.projitems*{b2d81868-678f-4933-b308-091edfc91217}*SharedItemsImports = 5
		Mir3.Mobile\Mir3.Mobile.projitems*{d34babfa-d68f-4319-bac7-00d2944720d0}*SharedItemsImports = 13
		Library\Library.projitems*{d4f2ba08-1384-4999-a8c3-0bb4d4eaa231}*SharedItemsImports = 5
	EndGlobalSection
EndGlobal
